
Microsoft Visual Studio Solution File, Format Version 12.00
# Visual Studio Version 16
VisualStudioVersion = 16.0.29613.14
MinimumVisualStudioVersion = 10.0.40219.1
Project("{FAE04EC0-301F-11D3-BF4B-00C04F79EFBC}") = "Ex. 1005 URI", "Ex. 1005 URI.csproj", "{36C118B2-97B1-469F-8A26-5F0873A4901D}"
EndProject
Global
	GlobalSection(SolutionConfigurationPlatforms) = preSolution
		Debug|Any CPU = Debug|Any CPU
		Release|Any CPU = Release|Any CPU
	EndGlobalSection
	GlobalSection(ProjectConfigurationPlatforms) = postSolution
		{36C118B2-97B1-469F-8A26-5F0873A4901D}.Debug|Any CPU.ActiveCfg = Debug|Any CPU
		{36C118B2-97B1-469F-8A26-5F0873A4901D}.Debug|Any CPU.Build.0 = Debug|Any CPU
		{36C118B2-97B1-469F-8A26-5F0873A4901D}.Release|Any CPU.ActiveCfg = Release|Any CPU
		{36C118B2-97B1-469F-8A26-5F0873A4901D}.Release|Any CPU.Build.0 = Release|Any CPU
	EndGlobalSection
	GlobalSection(SolutionProperties) = preSolution
		HideSolutionNode = FALSE
	EndGlobalSection
	GlobalSection(ExtensibilityGlobals) = postSolution
		SolutionGuid = {F6840F66-2D88-43BE-A43B-1670DB1B8DD1}
	EndGlobalSection
EndGlobal
