
Microsoft Visual Studio Solution File, Format Version 12.00
# Visual Studio Version 16
VisualStudioVersion = 16.0.29613.14
MinimumVisualStudioVersion = 10.0.40219.1
Project("{FAE04EC0-301F-11D3-BF4B-00C04F79EFBC}") = "Ex. 1017 URI", "Ex. 1017 URI.csproj", "{9978B360-8165-4942-A832-80F775193C90}"
EndProject
Global
	GlobalSection(SolutionConfigurationPlatforms) = preSolution
		Debug|Any CPU = Debug|Any CPU
		Release|Any CPU = Release|Any CPU
	EndGlobalSection
	GlobalSection(ProjectConfigurationPlatforms) = postSolution
		{9978B360-8165-4942-A832-80F775193C90}.Debug|Any CPU.ActiveCfg = Debug|Any CPU
		{9978B360-8165-4942-A832-80F775193C90}.Debug|Any CPU.Build.0 = Debug|Any CPU
		{9978B360-8165-4942-A832-80F775193C90}.Release|Any CPU.ActiveCfg = Release|Any CPU
		{9978B360-8165-4942-A832-80F775193C90}.Release|Any CPU.Build.0 = Release|Any CPU
	EndGlobalSection
	GlobalSection(SolutionProperties) = preSolution
		HideSolutionNode = FALSE
	EndGlobalSection
	GlobalSection(ExtensibilityGlobals) = postSolution
		SolutionGuid = {DB4280DC-A8EC-48B0-92AA-B1DBC447A9B4}
	EndGlobalSection
EndGlobal
