
Microsoft Visual Studio Solution File, Format Version 12.00
# Visual Studio Version 16
VisualStudioVersion = 16.0.29613.14
MinimumVisualStudioVersion = 10.0.40219.1
Project("{FAE04EC0-301F-11D3-BF4B-00C04F79EFBC}") = "Ex. 1046 URI", "Ex. 1046 URI.csproj", "{C52F2BA7-E91F-4137-8558-B9699E438ABD}"
EndProject
Global
	GlobalSection(SolutionConfigurationPlatforms) = preSolution
		Debug|Any CPU = Debug|Any CPU
		Release|Any CPU = Release|Any CPU
	EndGlobalSection
	GlobalSection(ProjectConfigurationPlatforms) = postSolution
		{C52F2BA7-E91F-4137-8558-B9699E438ABD}.Debug|Any CPU.ActiveCfg = Debug|Any CPU
		{C52F2BA7-E91F-4137-8558-B9699E438ABD}.Debug|Any CPU.Build.0 = Debug|Any CPU
		{C52F2BA7-E91F-4137-8558-B9699E438ABD}.Release|Any CPU.ActiveCfg = Release|Any CPU
		{C52F2BA7-E91F-4137-8558-B9699E438ABD}.Release|Any CPU.Build.0 = Release|Any CPU
	EndGlobalSection
	GlobalSection(SolutionProperties) = preSolution
		HideSolutionNode = FALSE
	EndGlobalSection
	GlobalSection(ExtensibilityGlobals) = postSolution
		SolutionGuid = {AB696BEC-46F5-4520-8B92-3B0522AEEB78}
	EndGlobalSection
EndGlobal
