
Microsoft Visual Studio Solution File, Format Version 12.00
# Visual Studio Version 16
VisualStudioVersion = 16.0.29613.14
MinimumVisualStudioVersion = 10.0.40219.1
Project("{FAE04EC0-301F-11D3-BF4B-00C04F79EFBC}") = "Ex. 1038 URI", "Ex. 1038 URI.csproj", "{4A05EE90-DAA5-460A-B724-443341E8CE34}"
EndProject
Global
	GlobalSection(SolutionConfigurationPlatforms) = preSolution
		Debug|Any CPU = Debug|Any CPU
		Release|Any CPU = Release|Any CPU
	EndGlobalSection
	GlobalSection(ProjectConfigurationPlatforms) = postSolution
		{4A05EE90-DAA5-460A-B724-443341E8CE34}.Debug|Any CPU.ActiveCfg = Debug|Any CPU
		{4A05EE90-DAA5-460A-B724-443341E8CE34}.Debug|Any CPU.Build.0 = Debug|Any CPU
		{4A05EE90-DAA5-460A-B724-443341E8CE34}.Release|Any CPU.ActiveCfg = Release|Any CPU
		{4A05EE90-DAA5-460A-B724-443341E8CE34}.Release|Any CPU.Build.0 = Release|Any CPU
	EndGlobalSection
	GlobalSection(SolutionProperties) = preSolution
		HideSolutionNode = FALSE
	EndGlobalSection
	GlobalSection(ExtensibilityGlobals) = postSolution
		SolutionGuid = {2A03B6C9-32A8-4D58-9B2A-643C5CCE1D90}
	EndGlobalSection
EndGlobal
