
Microsoft Visual Studio Solution File, Format Version 12.00
# Visual Studio Version 16
VisualStudioVersion = 16.0.29613.14
MinimumVisualStudioVersion = 10.0.40219.1
Project("{FAE04EC0-301F-11D3-BF4B-00C04F79EFBC}") = "Ex. 1071 URI (Soma de Impares Consecutivos I)", "Ex. 1071 URI (Soma de Impares Consecutivos I).csproj", "{095C35FD-DDD1-4829-BAF2-35E2B4E0C92C}"
EndProject
Global
	GlobalSection(SolutionConfigurationPlatforms) = preSolution
		Debug|Any CPU = Debug|Any CPU
		Release|Any CPU = Release|Any CPU
	EndGlobalSection
	GlobalSection(ProjectConfigurationPlatforms) = postSolution
		{095C35FD-DDD1-4829-BAF2-35E2B4E0C92C}.Debug|Any CPU.ActiveCfg = Debug|Any CPU
		{095C35FD-DDD1-4829-BAF2-35E2B4E0C92C}.Debug|Any CPU.Build.0 = Debug|Any CPU
		{095C35FD-DDD1-4829-BAF2-35E2B4E0C92C}.Release|Any CPU.ActiveCfg = Release|Any CPU
		{095C35FD-DDD1-4829-BAF2-35E2B4E0C92C}.Release|Any CPU.Build.0 = Release|Any CPU
	EndGlobalSection
	GlobalSection(SolutionProperties) = preSolution
		HideSolutionNode = FALSE
	EndGlobalSection
	GlobalSection(ExtensibilityGlobals) = postSolution
		SolutionGuid = {720AF84F-733E-4E76-817A-5191D30332B1}
	EndGlobalSection
EndGlobal
