
Microsoft Visual Studio Solution File, Format Version 12.00
# Visual Studio Version 16
VisualStudioVersion = 16.0.29613.14
MinimumVisualStudioVersion = 10.0.40219.1
Project("{FAE04EC0-301F-11D3-BF4B-00C04F79EFBC}") = "Ex. 1049 URI (Animal)", "Ex. 1049 URI (Animal).csproj", "{B667AC76-8A03-484E-9DE2-5E0C8AEEA042}"
EndProject
Global
	GlobalSection(SolutionConfigurationPlatforms) = preSolution
		Debug|Any CPU = Debug|Any CPU
		Release|Any CPU = Release|Any CPU
	EndGlobalSection
	GlobalSection(ProjectConfigurationPlatforms) = postSolution
		{B667AC76-8A03-484E-9DE2-5E0C8AEEA042}.Debug|Any CPU.ActiveCfg = Debug|Any CPU
		{B667AC76-8A03-484E-9DE2-5E0C8AEEA042}.Debug|Any CPU.Build.0 = Debug|Any CPU
		{B667AC76-8A03-484E-9DE2-5E0C8AEEA042}.Release|Any CPU.ActiveCfg = Release|Any CPU
		{B667AC76-8A03-484E-9DE2-5E0C8AEEA042}.Release|Any CPU.Build.0 = Release|Any CPU
	EndGlobalSection
	GlobalSection(SolutionProperties) = preSolution
		HideSolutionNode = FALSE
	EndGlobalSection
	GlobalSection(ExtensibilityGlobals) = postSolution
		SolutionGuid = {78E924EA-4557-4F50-AAF5-F84A0B7C3598}
	EndGlobalSection
EndGlobal
