
Microsoft Visual Studio Solution File, Format Version 12.00
# Visual Studio Version 16
VisualStudioVersion = 16.0.29613.14
MinimumVisualStudioVersion = 10.0.40219.1
Project("{FAE04EC0-301F-11D3-BF4B-00C04F79EFBC}") = "Ex. 1047 URI (Tempo de Jogo com Minutos)", "Ex. 1047 URI (Tempo de Jogo com Minutos).csproj", "{894C1AF2-595A-410D-888B-134CB733C363}"
EndProject
Global
	GlobalSection(SolutionConfigurationPlatforms) = preSolution
		Debug|Any CPU = Debug|Any CPU
		Release|Any CPU = Release|Any CPU
	EndGlobalSection
	GlobalSection(ProjectConfigurationPlatforms) = postSolution
		{894C1AF2-595A-410D-888B-134CB733C363}.Debug|Any CPU.ActiveCfg = Debug|Any CPU
		{894C1AF2-595A-410D-888B-134CB733C363}.Debug|Any CPU.Build.0 = Debug|Any CPU
		{894C1AF2-595A-410D-888B-134CB733C363}.Release|Any CPU.ActiveCfg = Release|Any CPU
		{894C1AF2-595A-410D-888B-134CB733C363}.Release|Any CPU.Build.0 = Release|Any CPU
	EndGlobalSection
	GlobalSection(SolutionProperties) = preSolution
		HideSolutionNode = FALSE
	EndGlobalSection
	GlobalSection(ExtensibilityGlobals) = postSolution
		SolutionGuid = {0F0C75D5-94B0-4B59-BE1A-4A2293DED945}
	EndGlobalSection
EndGlobal
