
Microsoft Visual Studio Solution File, Format Version 12.00
# Visual Studio Version 16
VisualStudioVersion = 16.0.29613.14
MinimumVisualStudioVersion = 10.0.40219.1
Project("{FAE04EC0-301F-11D3-BF4B-00C04F79EFBC}") = "Ex. 1073 URI (Quadrado de Pares)", "Ex. 1073 URI (Quadrado de Pares).csproj", "{B73E0E4E-74F1-4670-831B-33ED8E586DAD}"
EndProject
Global
	GlobalSection(SolutionConfigurationPlatforms) = preSolution
		Debug|Any CPU = Debug|Any CPU
		Release|Any CPU = Release|Any CPU
	EndGlobalSection
	GlobalSection(ProjectConfigurationPlatforms) = postSolution
		{B73E0E4E-74F1-4670-831B-33ED8E586DAD}.Debug|Any CPU.ActiveCfg = Debug|Any CPU
		{B73E0E4E-74F1-4670-831B-33ED8E586DAD}.Debug|Any CPU.Build.0 = Debug|Any CPU
		{B73E0E4E-74F1-4670-831B-33ED8E586DAD}.Release|Any CPU.ActiveCfg = Release|Any CPU
		{B73E0E4E-74F1-4670-831B-33ED8E586DAD}.Release|Any CPU.Build.0 = Release|Any CPU
	EndGlobalSection
	GlobalSection(SolutionProperties) = preSolution
		HideSolutionNode = FALSE
	EndGlobalSection
	GlobalSection(ExtensibilityGlobals) = postSolution
		SolutionGuid = {FDD97E12-8A04-4DDA-9D51-0903B2E1B67A}
	EndGlobalSection
EndGlobal
