
Microsoft Visual Studio Solution File, Format Version 12.00
# Visual Studio Version 16
VisualStudioVersion = 16.0.29613.14
MinimumVisualStudioVersion = 10.0.40219.1
Project("{FAE04EC0-301F-11D3-BF4B-00C04F79EFBC}") = "Ex. 1007 URI", "Ex. 1007 URI.csproj", "{DDF8A375-5229-4B1B-A1F8-F9343F1E2BDA}"
EndProject
Global
	GlobalSection(SolutionConfigurationPlatforms) = preSolution
		Debug|Any CPU = Debug|Any CPU
		Release|Any CPU = Release|Any CPU
	EndGlobalSection
	GlobalSection(ProjectConfigurationPlatforms) = postSolution
		{DDF8A375-5229-4B1B-A1F8-F9343F1E2BDA}.Debug|Any CPU.ActiveCfg = Debug|Any CPU
		{DDF8A375-5229-4B1B-A1F8-F9343F1E2BDA}.Debug|Any CPU.Build.0 = Debug|Any CPU
		{DDF8A375-5229-4B1B-A1F8-F9343F1E2BDA}.Release|Any CPU.ActiveCfg = Release|Any CPU
		{DDF8A375-5229-4B1B-A1F8-F9343F1E2BDA}.Release|Any CPU.Build.0 = Release|Any CPU
	EndGlobalSection
	GlobalSection(SolutionProperties) = preSolution
		HideSolutionNode = FALSE
	EndGlobalSection
	GlobalSection(ExtensibilityGlobals) = postSolution
		SolutionGuid = {6E776931-BE3D-45F2-A90F-D4ACE97BC8A0}
	EndGlobalSection
EndGlobal
