
Microsoft Visual Studio Solution File, Format Version 12.00
# Visual Studio Version 16
VisualStudioVersion = 16.0.29613.14
MinimumVisualStudioVersion = 10.0.40219.1
Project("{FAE04EC0-301F-11D3-BF4B-00C04F79EFBC}") = "Ex. 1036 URI", "Ex. 1036 URI.csproj", "{DC0FA192-5FD3-4BEB-B991-ADAB820C51C7}"
EndProject
Global
	GlobalSection(SolutionConfigurationPlatforms) = preSolution
		Debug|Any CPU = Debug|Any CPU
		Release|Any CPU = Release|Any CPU
	EndGlobalSection
	GlobalSection(ProjectConfigurationPlatforms) = postSolution
		{DC0FA192-5FD3-4BEB-B991-ADAB820C51C7}.Debug|Any CPU.ActiveCfg = Debug|Any CPU
		{DC0FA192-5FD3-4BEB-B991-ADAB820C51C7}.Debug|Any CPU.Build.0 = Debug|Any CPU
		{DC0FA192-5FD3-4BEB-B991-ADAB820C51C7}.Release|Any CPU.ActiveCfg = Release|Any CPU
		{DC0FA192-5FD3-4BEB-B991-ADAB820C51C7}.Release|Any CPU.Build.0 = Release|Any CPU
	EndGlobalSection
	GlobalSection(SolutionProperties) = preSolution
		HideSolutionNode = FALSE
	EndGlobalSection
	GlobalSection(ExtensibilityGlobals) = postSolution
		SolutionGuid = {459B3B33-2773-4625-89B8-1AF6A872984A}
	EndGlobalSection
EndGlobal
