
Microsoft Visual Studio Solution File, Format Version 12.00
# Visual Studio Version 16
VisualStudioVersion = 16.0.29613.14
MinimumVisualStudioVersion = 10.0.40219.1
Project("{FAE04EC0-301F-11D3-BF4B-00C04F79EFBC}") = "Ex. 1020 URI", "Ex. 1020 URI.csproj", "{7C6B51FF-531A-4EB8-8D90-ACBB76E75CE5}"
EndProject
Global
	GlobalSection(SolutionConfigurationPlatforms) = preSolution
		Debug|Any CPU = Debug|Any CPU
		Release|Any CPU = Release|Any CPU
	EndGlobalSection
	GlobalSection(ProjectConfigurationPlatforms) = postSolution
		{7C6B51FF-531A-4EB8-8D90-ACBB76E75CE5}.Debug|Any CPU.ActiveCfg = Debug|Any CPU
		{7C6B51FF-531A-4EB8-8D90-ACBB76E75CE5}.Debug|Any CPU.Build.0 = Debug|Any CPU
		{7C6B51FF-531A-4EB8-8D90-ACBB76E75CE5}.Release|Any CPU.ActiveCfg = Release|Any CPU
		{7C6B51FF-531A-4EB8-8D90-ACBB76E75CE5}.Release|Any CPU.Build.0 = Release|Any CPU
	EndGlobalSection
	GlobalSection(SolutionProperties) = preSolution
		HideSolutionNode = FALSE
	EndGlobalSection
	GlobalSection(ExtensibilityGlobals) = postSolution
		SolutionGuid = {587DDD7F-590A-4C70-ABDE-077FA6197287}
	EndGlobalSection
EndGlobal
