
Microsoft Visual Studio Solution File, Format Version 12.00
# Visual Studio Version 16
VisualStudioVersion = 16.0.29613.14
MinimumVisualStudioVersion = 10.0.40219.1
Project("{FAE04EC0-301F-11D3-BF4B-00C04F79EFBC}") = "Ex. 1001", "Ex. 1001.csproj", "{174489CD-E588-4A9E-AE36-BC72707BF630}"
EndProject
Global
	GlobalSection(SolutionConfigurationPlatforms) = preSolution
		Debug|Any CPU = Debug|Any CPU
		Release|Any CPU = Release|Any CPU
	EndGlobalSection
	GlobalSection(ProjectConfigurationPlatforms) = postSolution
		{174489CD-E588-4A9E-AE36-BC72707BF630}.Debug|Any CPU.ActiveCfg = Debug|Any CPU
		{174489CD-E588-4A9E-AE36-BC72707BF630}.Debug|Any CPU.Build.0 = Debug|Any CPU
		{174489CD-E588-4A9E-AE36-BC72707BF630}.Release|Any CPU.ActiveCfg = Release|Any CPU
		{174489CD-E588-4A9E-AE36-BC72707BF630}.Release|Any CPU.Build.0 = Release|Any CPU
	EndGlobalSection
	GlobalSection(SolutionProperties) = preSolution
		HideSolutionNode = FALSE
	EndGlobalSection
	GlobalSection(ExtensibilityGlobals) = postSolution
		SolutionGuid = {B3BA8DA0-A25D-418F-9678-40FB25CBE391}
	EndGlobalSection
EndGlobal
